// !$*UTF8*$!
{
	archiveVersion = 1;
	classes = {
	};
	objectVersion = 50;
	objects = {

/* Begin PBXBuildFile section */
		3C0E56DE2328601800E9D401 /* AppDelegate.swift in Sources */ = {isa = PBXBuildFile; fileRef = 3C0E56DD2328601800E9D401 /* AppDelegate.swift */; };
		3C0E56E02328601800E9D401 /* TransactionsViewController.swift in Sources */ = {isa = PBXBuildFile; fileRef = 3C0E56DF2328601800E9D401 /* TransactionsViewController.swift */; };
		3C0E56E32328601800E9D401 /* Main.storyboard in Resources */ = {isa = PBXBuildFile; fileRef = 3C0E56E12328601800E9D401 /* Main.storyboard */; };
		3C0E56E52328601B00E9D401 /* Assets.xcassets in Resources */ = {isa = PBXBuildFile; fileRef = 3C0E56E42328601B00E9D401 /* Assets.xcassets */; };
		3C0E56E82328601B00E9D401 /* LaunchScreen.storyboard in Resources */ = {isa = PBXBuildFile; fileRef = 3C0E56E62328601B00E9D401 /* LaunchScreen.storyboard */; };
		3C0E56F6232864CF00E9D401 /* Transaction.swift in Sources */ = {isa = PBXBuildFile; fileRef = 3C0E56F5232864CF00E9D401 /* Transaction.swift */; };
		3C0E56F8232868A200E9D401 /* DetailsViewController.swift in Sources */ = {isa = PBXBuildFile; fileRef = 3C0E56F7232868A200E9D401 /* DetailsViewController.swift */; };
		3C0E56FC2328693700E9D401 /* TransactionCell.swift in Sources */ = {isa = PBXBuildFile; fileRef = 3C0E56FB2328693700E9D401 /* TransactionCell.swift */; };
		3C0E570123286DE200E9D401 /* APIService.swift in Sources */ = {isa = PBXBuildFile; fileRef = 3C0E570023286DE200E9D401 /* APIService.swift */; };
		3C0E57032328734C00E9D401 /* UIViewController+Spinner.swift in Sources */ = {isa = PBXBuildFile; fileRef = 3C0E57022328734C00E9D401 /* UIViewController+Spinner.swift */; };
		3C0E5705232873F200E9D401 /* TransactionsViewModel.swift in Sources */ = {isa = PBXBuildFile; fileRef = 3C0E5704232873F200E9D401 /* TransactionsViewModel.swift */; };
		3C0E57072328933100E9D401 /* UIViewController+Alert.swift in Sources */ = {isa = PBXBuildFile; fileRef = 3C0E57062328933100E9D401 /* UIViewController+Alert.swift */; };
		3C0E5709232898E500E9D401 /* MenuViewController.swift in Sources */ = {isa = PBXBuildFile; fileRef = 3C0E5708232898E500E9D401 /* MenuViewController.swift */; };
		3C0E570B2328F68900E9D401 /* DetailsViewModel.swift in Sources */ = {isa = PBXBuildFile; fileRef = 3C0E570A2328F68900E9D401 /* DetailsViewModel.swift */; };
		3C0E570D2328F76D00E9D401 /* Rate.swift in Sources */ = {isa = PBXBuildFile; fileRef = 3C0E570C2328F76D00E9D401 /* Rate.swift */; };
		3C0E570F2328F82400E9D401 /* Currency.swift in Sources */ = {isa = PBXBuildFile; fileRef = 3C0E570E2328F82400E9D401 /* Currency.swift */; };
		3C0E57112329158400E9D401 /* RateCell.swift in Sources */ = {isa = PBXBuildFile; fileRef = 3C0E57102329158400E9D401 /* RateCell.swift */; };
/* End PBXBuildFile section */

/* Begin PBXFileReference section */
		3C0E56DA2328601800E9D401 /* GNB Trades.app */ = {isa = PBXFileReference; explicitFileType = wrapper.application; includeInIndex = 0; path = "GNB Trades.app"; sourceTree = BUILT_PRODUCTS_DIR; };
		3C0E56DD2328601800E9D401 /* AppDelegate.swift */ = {isa = PBXFileReference; lastKnownFileType = sourcecode.swift; path = AppDelegate.swift; sourceTree = "<group>"; };
		3C0E56DF2328601800E9D401 /* TransactionsViewController.swift */ = {isa = PBXFileReference; lastKnownFileType = sourcecode.swift; path = TransactionsViewController.swift; sourceTree = "<group>"; };
		3C0E56E22328601800E9D401 /* Base */ = {isa = PBXFileReference; lastKnownFileType = file.storyboard; name = Base; path = Base.lproj/Main.storyboard; sourceTree = "<group>"; };
		3C0E56E42328601B00E9D401 /* Assets.xcassets */ = {isa = PBXFileReference; lastKnownFileType = folder.assetcatalog; path = Assets.xcassets; sourceTree = "<group>"; };
		3C0E56E72328601B00E9D401 /* Base */ = {isa = PBXFileReference; lastKnownFileType = file.storyboard; name = Base; path = Base.lproj/LaunchScreen.storyboard; sourceTree = "<group>"; };
		3C0E56E92328601B00E9D401 /* Info.plist */ = {isa = PBXFileReference; lastKnownFileType = text.plist.xml; path = Info.plist; sourceTree = "<group>"; };
		3C0E56F5232864CF00E9D401 /* Transaction.swift */ = {isa = PBXFileReference; lastKnownFileType = sourcecode.swift; path = Transaction.swift; sourceTree = "<group>"; };
		3C0E56F7232868A200E9D401 /* DetailsViewController.swift */ = {isa = PBXFileReference; lastKnownFileType = sourcecode.swift; path = DetailsViewController.swift; sourceTree = "<group>"; };
		3C0E56FB2328693700E9D401 /* TransactionCell.swift */ = {isa = PBXFileReference; lastKnownFileType = sourcecode.swift; path = TransactionCell.swift; sourceTree = "<group>"; };
		3C0E570023286DE200E9D401 /* APIService.swift */ = {isa = PBXFileReference; lastKnownFileType = sourcecode.swift; path = APIService.swift; sourceTree = "<group>"; };
		3C0E57022328734C00E9D401 /* UIViewController+Spinner.swift */ = {isa = PBXFileReference; lastKnownFileType = sourcecode.swift; path = "UIViewController+Spinner.swift"; sourceTree = "<group>"; };
		3C0E5704232873F200E9D401 /* TransactionsViewModel.swift */ = {isa = PBXFileReference; lastKnownFileType = sourcecode.swift; path = TransactionsViewModel.swift; sourceTree = "<group>"; };
		3C0E57062328933100E9D401 /* UIViewController+Alert.swift */ = {isa = PBXFileReference; lastKnownFileType = sourcecode.swift; path = "UIViewController+Alert.swift"; sourceTree = "<group>"; };
		3C0E5708232898E500E9D401 /* MenuViewController.swift */ = {isa = PBXFileReference; lastKnownFileType = sourcecode.swift; path = MenuViewController.swift; sourceTree = "<group>"; };
		3C0E570A2328F68900E9D401 /* DetailsViewModel.swift */ = {isa = PBXFileReference; lastKnownFileType = sourcecode.swift; path = DetailsViewModel.swift; sourceTree = "<group>"; };
		3C0E570C2328F76D00E9D401 /* Rate.swift */ = {isa = PBXFileReference; lastKnownFileType = sourcecode.swift; path = Rate.swift; sourceTree = "<group>"; };
		3C0E570E2328F82400E9D401 /* Currency.swift */ = {isa = PBXFileReference; lastKnownFileType = sourcecode.swift; path = Currency.swift; sourceTree = "<group>"; };
		3C0E57102329158400E9D401 /* RateCell.swift */ = {isa = PBXFileReference; lastKnownFileType = sourcecode.swift; path = RateCell.swift; sourceTree = "<group>"; };
/* End PBXFileReference section */

/* Begin PBXFrameworksBuildPhase section */
		3C0E56D72328601800E9D401 /* Frameworks */ = {
			isa = PBXFrameworksBuildPhase;
			buildActionMask = 2147483647;
			files = (
			);
			runOnlyForDeploymentPostprocessing = 0;
		};
/* End PBXFrameworksBuildPhase section */

/* Begin PBXGroup section */
		3C0E56D12328601800E9D401 = {
			isa = PBXGroup;
			children = (
				3C0E56DC2328601800E9D401 /* GNB Trades */,
				3C0E56DB2328601800E9D401 /* Products */,
			);
			sourceTree = "<group>";
		};
		3C0E56DB2328601800E9D401 /* Products */ = {
			isa = PBXGroup;
			children = (
				3C0E56DA2328601800E9D401 /* GNB Trades.app */,
			);
			name = Products;
			sourceTree = "<group>";
		};
		3C0E56DC2328601800E9D401 /* GNB Trades */ = {
			isa = PBXGroup;
			children = (
				3C0E56EF2328602D00E9D401 /* Application */,
				3C0E56F4232864B900E9D401 /* Models */,
				3C0E56F32328605B00E9D401 /* Resources */,
				3C0E56F02328603500E9D401 /* Storyboards */,
				3C0E56FD23286DA400E9D401 /* Utils */,
				3C0E56F12328604200E9D401 /* ViewControllers */,
				3C0E56F22328605200E9D401 /* ViewModels */,
				3C0E56F92328690700E9D401 /* Views */,
			);
			path = "GNB Trades";
			sourceTree = "<group>";
		};
		3C0E56EF2328602D00E9D401 /* Application */ = {
			isa = PBXGroup;
			children = (
				3C0E56DD2328601800E9D401 /* AppDelegate.swift */,
				3C0E56E92328601B00E9D401 /* Info.plist */,
			);
			path = Application;
			sourceTree = "<group>";
		};
		3C0E56F02328603500E9D401 /* Storyboards */ = {
			isa = PBXGroup;
			children = (
				3C0E56E12328601800E9D401 /* Main.storyboard */,
				3C0E56E62328601B00E9D401 /* LaunchScreen.storyboard */,
			);
			path = Storyboards;
			sourceTree = "<group>";
		};
		3C0E56F12328604200E9D401 /* ViewControllers */ = {
			isa = PBXGroup;
			children = (
				3C0E56DF2328601800E9D401 /* TransactionsViewController.swift */,
				3C0E56F7232868A200E9D401 /* DetailsViewController.swift */,
				3C0E5708232898E500E9D401 /* MenuViewController.swift */,
			);
			path = ViewControllers;
			sourceTree = "<group>";
		};
		3C0E56F22328605200E9D401 /* ViewModels */ = {
			isa = PBXGroup;
			children = (
				3C0E5704232873F200E9D401 /* TransactionsViewModel.swift */,
				3C0E570A2328F68900E9D401 /* DetailsViewModel.swift */,
			);
			path = ViewModels;
			sourceTree = "<group>";
		};
		3C0E56F32328605B00E9D401 /* Resources */ = {
			isa = PBXGroup;
			children = (
				3C0E56E42328601B00E9D401 /* Assets.xcassets */,
			);
			path = Resources;
			sourceTree = "<group>";
		};
		3C0E56F4232864B900E9D401 /* Models */ = {
			isa = PBXGroup;
			children = (
				3C0E570E2328F82400E9D401 /* Currency.swift */,
				3C0E570C2328F76D00E9D401 /* Rate.swift */,
				3C0E56F5232864CF00E9D401 /* Transaction.swift */,
			);
			path = Models;
			sourceTree = "<group>";
		};
		3C0E56F92328690700E9D401 /* Views */ = {
			isa = PBXGroup;
			children = (
				3C0E56FA2328691100E9D401 /* Cells */,
			);
			path = Views;
			sourceTree = "<group>";
		};
		3C0E56FA2328691100E9D401 /* Cells */ = {
			isa = PBXGroup;
			children = (
				3C0E56FB2328693700E9D401 /* TransactionCell.swift */,
				3C0E57102329158400E9D401 /* RateCell.swift */,
			);
			path = Cells;
			sourceTree = "<group>";
		};
		3C0E56FD23286DA400E9D401 /* Utils */ = {
			isa = PBXGroup;
			children = (
				3C0E56FF23286DB100E9D401 /* Networking */,
				3C0E56FE23286DA900E9D401 /* Extensions */,
			);
			path = Utils;
			sourceTree = "<group>";
		};
		3C0E56FE23286DA900E9D401 /* Extensions */ = {
			isa = PBXGroup;
			children = (
				3C0E57022328734C00E9D401 /* UIViewController+Spinner.swift */,
				3C0E57062328933100E9D401 /* UIViewController+Alert.swift */,
			);
			path = Extensions;
			sourceTree = "<group>";
		};
		3C0E56FF23286DB100E9D401 /* Networking */ = {
			isa = PBXGroup;
			children = (
				3C0E570023286DE200E9D401 /* APIService.swift */,
			);
			path = Networking;
			sourceTree = "<group>";
		};
/* End PBXGroup section */

/* Begin PBXNativeTarget section */
		3C0E56D92328601800E9D401 /* GNB Trades */ = {
			isa = PBXNativeTarget;
			buildConfigurationList = 3C0E56EC2328601B00E9D401 /* Build configuration list for PBXNativeTarget "GNB Trades" */;
			buildPhases = (
				3C0E56D62328601800E9D401 /* Sources */,
				3C0E56D72328601800E9D401 /* Frameworks */,
				3C0E56D82328601800E9D401 /* Resources */,
			);
			buildRules = (
			);
			dependencies = (
			);
			name = "GNB Trades";
			productName = "GNB Trades";
			productReference = 3C0E56DA2328601800E9D401 /* GNB Trades.app */;
			productType = "com.apple.product-type.application";
		};
/* End PBXNativeTarget section */

/* Begin PBXProject section */
		3C0E56D22328601800E9D401 /* Project object */ = {
			isa = PBXProject;
			attributes = {
				LastSwiftUpdateCheck = 1030;
				LastUpgradeCheck = 1030;
				ORGANIZATIONNAME = "Lang Troyan";
				TargetAttributes = {
					3C0E56D92328601800E9D401 = {
						CreatedOnToolsVersion = 10.3;
					};
				};
			};
			buildConfigurationList = 3C0E56D52328601800E9D401 /* Build configuration list for PBXProject "GNB Trades" */;
			compatibilityVersion = "Xcode 9.3";
			developmentRegion = en;
			hasScannedForEncodings = 0;
			knownRegions = (
				en,
				Base,
			);
			mainGroup = 3C0E56D12328601800E9D401;
			productRefGroup = 3C0E56DB2328601800E9D401 /* Products */;
			projectDirPath = "";
			projectRoot = "";
			targets = (
				3C0E56D92328601800E9D401 /* GNB Trades */,
			);
		};
/* End PBXProject section */

/* Begin PBXResourcesBuildPhase section */
		3C0E56D82328601800E9D401 /* Resources */ = {
			isa = PBXResourcesBuildPhase;
			buildActionMask = 2147483647;
			files = (
				3C0E56E82328601B00E9D401 /* LaunchScreen.storyboard in Resources */,
				3C0E56E52328601B00E9D401 /* Assets.xcassets in Resources */,
				3C0E56E32328601800E9D401 /* Main.storyboard in Resources */,
			);
			runOnlyForDeploymentPostprocessing = 0;
		};
/* End PBXResourcesBuildPhase section */

/* Begin PBXSourcesBuildPhase section */
		3C0E56D62328601800E9D401 /* Sources */ = {
			isa = PBXSourcesBuildPhase;
			buildActionMask = 2147483647;
			files = (
				3C0E57072328933100E9D401 /* UIViewController+Alert.swift in Sources */,
				3C0E5709232898E500E9D401 /* MenuViewController.swift in Sources */,
				3C0E56E02328601800E9D401 /* TransactionsViewController.swift in Sources */,
				3C0E56DE2328601800E9D401 /* AppDelegate.swift in Sources */,
				3C0E56F6232864CF00E9D401 /* Transaction.swift in Sources */,
				3C0E5705232873F200E9D401 /* TransactionsViewModel.swift in Sources */,
				3C0E56FC2328693700E9D401 /* TransactionCell.swift in Sources */,
				3C0E57112329158400E9D401 /* RateCell.swift in Sources */,
				3C0E570B2328F68900E9D401 /* DetailsViewModel.swift in Sources */,
				3C0E570F2328F82400E9D401 /* Currency.swift in Sources */,
				3C0E570123286DE200E9D401 /* APIService.swift in Sources */,
				3C0E570D2328F76D00E9D401 /* Rate.swift in Sources */,
				3C0E57032328734C00E9D401 /* UIViewController+Spinner.swift in Sources */,
				3C0E56F8232868A200E9D401 /* DetailsViewController.swift in Sources */,
			);
			runOnlyForDeploymentPostprocessing = 0;
		};
/* End PBXSourcesBuildPhase section */

/* Begin PBXVariantGroup section */
		3C0E56E12328601800E9D401 /* Main.storyboard */ = {
			isa = PBXVariantGroup;
			children = (
				3C0E56E22328601800E9D401 /* Base */,
			);
			name = Main.storyboard;
			sourceTree = "<group>";
		};
		3C0E56E62328601B00E9D401 /* LaunchScreen.storyboard */ = {
			isa = PBXVariantGroup;
			children = (
				3C0E56E72328601B00E9D401 /* Base */,
			);
			name = LaunchScreen.storyboard;
			sourceTree = "<group>";
		};
/* End PBXVariantGroup section */

/* Begin XCBuildConfiguration section */
		3C0E56EA2328601B00E9D401 /* Debug */ = {
			isa = XCBuildConfiguration;
			buildSettings = {
				ALWAYS_SEARCH_USER_PATHS = NO;
				CLANG_ANALYZER_NONNULL = YES;
				CLANG_ANALYZER_NUMBER_OBJECT_CONVERSION = YES_AGGRESSIVE;
				CLANG_CXX_LANGUAGE_STANDARD = "gnu++14";
				CLANG_CXX_LIBRARY = "libc++";
				CLANG_ENABLE_MODULES = YES;
				CLANG_ENABLE_OBJC_ARC = YES;
				CLANG_ENABLE_OBJC_WEAK = YES;
				CLANG_WARN_BLOCK_CAPTURE_AUTORELEASING = YES;
				CLANG_WARN_BOOL_CONVERSION = YES;
				CLANG_WARN_COMMA = YES;
				CLANG_WARN_CONSTANT_CONVERSION = YES;
				CLANG_WARN_DEPRECATED_OBJC_IMPLEMENTATIONS = YES;
				CLANG_WARN_DIRECT_OBJC_ISA_USAGE = YES_ERROR;
				CLANG_WARN_DOCUMENTATION_COMMENTS = YES;
				CLANG_WARN_EMPTY_BODY = YES;
				CLANG_WARN_ENUM_CONVERSION = YES;
				CLANG_WARN_INFINITE_RECURSION = YES;
				CLANG_WARN_INT_CONVERSION = YES;
				CLANG_WARN_NON_LITERAL_NULL_CONVERSION = YES;
				CLANG_WARN_OBJC_IMPLICIT_RETAIN_SELF = YES;
				CLANG_WARN_OBJC_LITERAL_CONVERSION = YES;
				CLANG_WARN_OBJC_ROOT_CLASS = YES_ERROR;
				CLANG_WARN_RANGE_LOOP_ANALYSIS = YES;
				CLANG_WARN_STRICT_PROTOTYPES = YES;
				CLANG_WARN_SUSPICIOUS_MOVE = YES;
				CLANG_WARN_UNGUARDED_AVAILABILITY = YES_AGGRESSIVE;
				CLANG_WARN_UNREACHABLE_CODE = YES;
				CLANG_WARN__DUPLICATE_METHOD_MATCH = YES;
				CODE_SIGN_IDENTITY = "iPhone Developer";
				COPY_PHASE_STRIP = NO;
				DEBUG_INFORMATION_FORMAT = dwarf;
				ENABLE_STRICT_OBJC_MSGSEND = YES;
				ENABLE_TESTABILITY = YES;
				GCC_C_LANGUAGE_STANDARD = gnu11;
				GCC_DYNAMIC_NO_PIC = NO;
				GCC_NO_COMMON_BLOCKS = YES;
				GCC_OPTIMIZATION_LEVEL = 0;
				GCC_PREPROCESSOR_DEFINITIONS = (
					"DEBUG=1",
					"$(inherited)",
				);
				GCC_WARN_64_TO_32_BIT_CONVERSION = YES;
				GCC_WARN_ABOUT_RETURN_TYPE = YES_ERROR;
				GCC_WARN_UNDECLARED_SELECTOR = YES;
				GCC_WARN_UNINITIALIZED_AUTOS = YES_AGGRESSIVE;
				GCC_WARN_UNUSED_FUNCTION = YES;
				GCC_WARN_UNUSED_VARIABLE = YES;
				IPHONEOS_DEPLOYMENT_TARGET = 12.4;
				MTL_ENABLE_DEBUG_INFO = INCLUDE_SOURCE;
				MTL_FAST_MATH = YES;
				ONLY_ACTIVE_ARCH = YES;
				SDKROOT = iphoneos;
				SWIFT_ACTIVE_COMPILATION_CONDITIONS = DEBUG;
				SWIFT_OPTIMIZATION_LEVEL = "-Onone";
			};
			name = Debug;
		};
		3C0E56EB2328601B00E9D401 /* Release */ = {
			isa = XCBuildConfiguration;
			buildSettings = {
				ALWAYS_SEARCH_USER_PATHS = NO;
				CLANG_ANALYZER_NONNULL = YES;
				CLANG_ANALYZER_NUMBER_OBJECT_CONVERSION = YES_AGGRESSIVE;
				CLANG_CXX_LANGUAGE_STANDARD = "gnu++14";
				CLANG_CXX_LIBRARY = "libc++";
				CLANG_ENABLE_MODULES = YES;
				CLANG_ENABLE_OBJC_ARC = YES;
				CLANG_ENABLE_OBJC_WEAK = YES;
				CLANG_WARN_BLOCK_CAPTURE_AUTORELEASING = YES;
				CLANG_WARN_BOOL_CONVERSION = YES;
				CLANG_WARN_COMMA = YES;
				CLANG_WARN_CONSTANT_CONVERSION = YES;
				CLANG_WARN_DEPRECATED_OBJC_IMPLEMENTATIONS = YES;
				CLANG_WARN_DIRECT_OBJC_ISA_USAGE = YES_ERROR;
				CLANG_WARN_DOCUMENTATION_COMMENTS = YES;
				CLANG_WARN_EMPTY_BODY = YES;
				CLANG_WARN_ENUM_CONVERSION = YES;
				CLANG_WARN_INFINITE_RECURSION = YES;
				CLANG_WARN_INT_CONVERSION = YES;
				CLANG_WARN_NON_LITERAL_NULL_CONVERSION = YES;
				CLANG_WARN_OBJC_IMPLICIT_RETAIN_SELF = YES;
				CLANG_WARN_OBJC_LITERAL_CONVERSION = YES;
				CLANG_WARN_OBJC_ROOT_CLASS = YES_ERROR;
				CLANG_WARN_RANGE_LOOP_ANALYSIS = YES;
				CLANG_WARN_STRICT_PROTOTYPES = YES;
				CLANG_WARN_SUSPICIOUS_MOVE = YES;
				CLANG_WARN_UNGUARDED_AVAILABILITY = YES_AGGRESSIVE;
				CLANG_WARN_UNREACHABLE_CODE = YES;
				CLANG_WARN__DUPLICATE_METHOD_MATCH = YES;
				CODE_SIGN_IDENTITY = "iPhone Developer";
				COPY_PHASE_STRIP = NO;
				DEBUG_INFORMATION_FORMAT = "dwarf-with-dsym";
				ENABLE_NS_ASSERTIONS = NO;
				ENABLE_STRICT_OBJC_MSGSEND = YES;
				GCC_C_LANGUAGE_STANDARD = gnu11;
				GCC_NO_COMMON_BLOCKS = YES;
				GCC_WARN_64_TO_32_BIT_CONVERSION = YES;
				GCC_WARN_ABOUT_RETURN_TYPE = YES_ERROR;
				GCC_WARN_UNDECLARED_SELECTOR = YES;
				GCC_WARN_UNINITIALIZED_AUTOS = YES_AGGRESSIVE;
				GCC_WARN_UNUSED_FUNCTION = YES;
				GCC_WARN_UNUSED_VARIABLE = YES;
				IPHONEOS_DEPLOYMENT_TARGET = 12.4;
				MTL_ENABLE_DEBUG_INFO = NO;
				MTL_FAST_MATH = YES;
				SDKROOT = iphoneos;
				SWIFT_COMPILATION_MODE = wholemodule;
				SWIFT_OPTIMIZATION_LEVEL = "-O";
				VALIDATE_PRODUCT = YES;
			};
			name = Release;
		};
		3C0E56ED2328601B00E9D401 /* Debug */ = {
			isa = XCBuildConfiguration;
			buildSettings = {
				ASSETCATALOG_COMPILER_APPICON_NAME = AppIcon;
				CODE_SIGN_STYLE = Automatic;
				DEVELOPMENT_TEAM = 45HR8YZ3Y2;
				INFOPLIST_FILE = "GNB Trades/Application/Info.plist";
				LD_RUNPATH_SEARCH_PATHS = (
					"$(inherited)",
					"@executable_path/Frameworks",
				);
				PRODUCT_BUNDLE_IDENTIFIER = "com.test.GNB-Trades";
				PRODUCT_NAME = "$(TARGET_NAME)";
				SWIFT_VERSION = 5.0;
				TARGETED_DEVICE_FAMILY = 1;
			};
			name = Debug;
		};
		3C0E56EE2328601B00E9D401 /* Release */ = {
			isa = XCBuildConfiguration;
			buildSettings = {
				ASSETCATALOG_COMPILER_APPICON_NAME = AppIcon;
				CODE_SIGN_STYLE = Automatic;
				DEVELOPMENT_TEAM = 45HR8YZ3Y2;
				INFOPLIST_FILE = "GNB Trades/Application/Info.plist";
				LD_RUNPATH_SEARCH_PATHS = (
					"$(inherited)",
					"@executable_path/Frameworks",
				);
				PRODUCT_BUNDLE_IDENTIFIER = "com.test.GNB-Trades";
				PRODUCT_NAME = "$(TARGET_NAME)";
				SWIFT_VERSION = 5.0;
				TARGETED_DEVICE_FAMILY = 1;
			};
			name = Release;
		};
/* End XCBuildConfiguration section */

/* Begin XCConfigurationList section */
		3C0E56D52328601800E9D401 /* Build configuration list for PBXProject "GNB Trades" */ = {
			isa = XCConfigurationList;
			buildConfigurations = (
				3C0E56EA2328601B00E9D401 /* Debug */,
				3C0E56EB2328601B00E9D401 /* Release */,
			);
			defaultConfigurationIsVisible = 0;
			defaultConfigurationName = Release;
		};
		3C0E56EC2328601B00E9D401 /* Build configuration list for PBXNativeTarget "GNB Trades" */ = {
			isa = XCConfigurationList;
			buildConfigurations = (
				3C0E56ED2328601B00E9D401 /* Debug */,
				3C0E56EE2328601B00E9D401 /* Release */,
			);
			defaultConfigurationIsVisible = 0;
			defaultConfigurationName = Release;
		};
/* End XCConfigurationList section */
	};
	rootObject = 3C0E56D22328601800E9D401 /* Project object */;
}
